
Microsoft Visual Studio Solution File, Format Version 12.00
# Visual Studio Version 16
VisualStudioVersion = 16.0.29519.87
MinimumVisualStudioVersion = 10.0.40219.1
Project("{FAE04EC0-301F-11D3-BF4B-00C04F79EFBC}") = "Xrm.Framework.CI.Extensions.Tests", "Xrm.Framework.CI.Extensions.Tests\Xrm.Framework.CI.Extensions.Tests.csproj", "{5B9B0E2D-CD06-49A2-9328-73D27692F1CE}"
EndProject
Project("{FAE04EC0-301F-11D3-BF4B-00C04F79EFBC}") = "Xrm.Framework.CI.Extensions", "Xrm.Framework.CI.Extensions\Xrm.Framework.CI.Extensions.csproj", "{3FDAD675-1E37-4738-97B3-EC3DB6FC713B}"
EndProject
Project("{FAE04EC0-301F-11D3-BF4B-00C04F79EFBC}") = "Xrm.Framework.CI.Extensions.PowerShell.Cmdlets", "Xrm.Framework.CI.Extensions.PowerShell.Cmdlets\Xrm.Framework.CI.Extensions.PowerShell.Cmdlets.csproj", "{0AF2D810-8E16-4AA1-B3F8-75EB17CF8A24}"
EndProject
Project("{2150E333-8FDC-42A3-9474-1A3956D46DE8}") = "Xrm.Framework.CI.Extensions.PowerShell.Scripts", "Xrm.Framework.CI.Extensions.PowerShell.Scripts", "{D8C99257-1EE3-47F2-AE7F-DBD98C102ABC}"
	ProjectSection(SolutionItems) = preProject
		Xrm.Framework.CI.Extensions.PowerShell.Scripts\ExportCrmData.ps1 = Xrm.Framework.CI.Extensions.PowerShell.Scripts\ExportCrmData.ps1
		Xrm.Framework.CI.Extensions.PowerShell.Scripts\ImportCrmData.ps1 = Xrm.Framework.CI.Extensions.PowerShell.Scripts\ImportCrmData.ps1
	EndProjectSection
EndProject
Global
	GlobalSection(SolutionConfigurationPlatforms) = preSolution
		Debug|Any CPU = Debug|Any CPU
		Release|Any CPU = Release|Any CPU
	EndGlobalSection
	GlobalSection(ProjectConfigurationPlatforms) = postSolution
		{5B9B0E2D-CD06-49A2-9328-73D27692F1CE}.Debug|Any CPU.ActiveCfg = Debug|Any CPU
		{5B9B0E2D-CD06-49A2-9328-73D27692F1CE}.Debug|Any CPU.Build.0 = Debug|Any CPU
		{5B9B0E2D-CD06-49A2-9328-73D27692F1CE}.Release|Any CPU.ActiveCfg = Release|Any CPU
		{5B9B0E2D-CD06-49A2-9328-73D27692F1CE}.Release|Any CPU.Build.0 = Release|Any CPU
		{3FDAD675-1E37-4738-97B3-EC3DB6FC713B}.Debug|Any CPU.ActiveCfg = Debug|Any CPU
		{3FDAD675-1E37-4738-97B3-EC3DB6FC713B}.Debug|Any CPU.Build.0 = Debug|Any CPU
		{3FDAD675-1E37-4738-97B3-EC3DB6FC713B}.Release|Any CPU.ActiveCfg = Release|Any CPU
		{3FDAD675-1E37-4738-97B3-EC3DB6FC713B}.Release|Any CPU.Build.0 = Release|Any CPU
		{0AF2D810-8E16-4AA1-B3F8-75EB17CF8A24}.Debug|Any CPU.ActiveCfg = Debug|Any CPU
		{0AF2D810-8E16-4AA1-B3F8-75EB17CF8A24}.Debug|Any CPU.Build.0 = Debug|Any CPU
		{0AF2D810-8E16-4AA1-B3F8-75EB17CF8A24}.Release|Any CPU.ActiveCfg = Release|Any CPU
		{0AF2D810-8E16-4AA1-B3F8-75EB17CF8A24}.Release|Any CPU.Build.0 = Release|Any CPU
	EndGlobalSection
	GlobalSection(SolutionProperties) = preSolution
		HideSolutionNode = FALSE
	EndGlobalSection
	GlobalSection(ExtensibilityGlobals) = postSolution
		SolutionGuid = {AA3EB331-AC11-46F2-87B5-D7B062B64CBC}
	EndGlobalSection
EndGlobal
